
Microsoft Visual Studio Solution File, Format Version 12.00
# Visual Studio Version 16
VisualStudioVersion = 16.0.29001.49
MinimumVisualStudioVersion = 10.0.40219.1
Project("{FAE04EC0-301F-11D3-BF4B-00C04F79EFBC}") = "ARCFOUR", "ARCFOUR\ARCFOUR.csproj", "{6F598D38-A059-4923-B721-F7695195EE8C}"
EndProject
Global
	GlobalSection(SolutionConfigurationPlatforms) = preSolution
		Debug|Any CPU = Debug|Any CPU
		Release|Any CPU = Release|Any CPU
	EndGlobalSection
	GlobalSection(ProjectConfigurationPlatforms) = postSolution
		{6F598D38-A059-4923-B721-F7695195EE8C}.Debug|Any CPU.ActiveCfg = Debug|Any CPU
		{6F598D38-A059-4923-B721-F7695195EE8C}.Debug|Any CPU.Build.0 = Debug|Any CPU
		{6F598D38-A059-4923-B721-F7695195EE8C}.Release|Any CPU.ActiveCfg = Release|Any CPU
		{6F598D38-A059-4923-B721-F7695195EE8C}.Release|Any CPU.Build.0 = Release|Any CPU
	EndGlobalSection
	GlobalSection(SolutionProperties) = preSolution
		HideSolutionNode = FALSE
	EndGlobalSection
	GlobalSection(ExtensibilityGlobals) = postSolution
		SolutionGuid = {BBCE868F-7913-4E44-BF31-54E3C43D8565}
	EndGlobalSection
EndGlobal
